<?xml version="1.0" encoding="utf-8"?>
<Project ToolsVersion="4.0" xmlns="http://schemas.microsoft.com/developer/msbuild/2003">
  <ItemGroup>
    <Filter Include="Source Files">
      <UniqueIdentifier>{4FC737F1-C7A5-4376-A066-2A32D752A2FF}</UniqueIdentifier>
      <Extensions>cpp;c;cc;cxx;def;odl;idl;hpj;bat;asm;asmx</Extensions>
    </Filter>
    <Filter Include="Header Files">
      <UniqueIdentifier>{93995380-89BD-4b04-88EB-625FBE52EBFB}</UniqueIdentifier>
      <Extensions>h;hh;hpp;hxx;hm;inl;inc;xsd</Extensions>
    </Filter>
    <Filter Include="Resource Files">
      <UniqueIdentifier>{67DA6AB6-F800-4c08-8B7A-83BB121AAD01}</UniqueIdentifier>
      <Extensions>rc;ico;cur;bmp;dlg;rc2;rct;bin;rgs;gif;jpg;jpeg;jpe;resx;tiff;tif;png;wav;mfcribbon-ms</Extensions>
    </Filter>
  </ItemGroup>
  <ItemGroup>
    <ClCompile Include="code\rt\src\render\Renderer.cpp">
      <Filter>Source Files</Filter>
    </ClCompile>
    <ClCompile Include="code\rt\src\system\FileManager.cpp">
      <Filter>Source Files</Filter>
    </ClCompile>
    <ClCompile Include="code\rt\src\system\Object.cpp">
      <Filter>Source Files</Filter>
    </ClCompile>
    <ClCompile Include="code\rt\src\system\Resources.cpp">
      <Filter>Source Files</Filter>
    </ClCompile>
    <ClCompile Include="code\rt\src\system\System.cpp">
      <Filter>Source Files</Filter>
    </ClCompile>
    <ClCompile Include="code\rt\src\world\World.cpp">
      <Filter>Source Files</Filter>
    </ClCompile>
    <ClCompile Include="code\3paty\tinyxml2\tinyxml2.cpp">
      <Filter>Source Files</Filter>
    </ClCompile>
    <ClCompile Include="code\game\src\main.cpp">
      <Filter>Source Files</Filter>
    </ClCompile>
    <ClCompile Include="code\game\src\TeapotObject.cpp">
      <Filter>Source Files</Filter>
    </ClCompile>
    <ClCompile Include="code\rt\src\render\Camera.cpp">
      <Filter>Source Files</Filter>
    </ClCompile>
    <ClCompile Include="code\rt\src\render\MeshContainer.cpp">
      <Filter>Source Files</Filter>
    </ClCompile>
    <ClCompile Include="code\rt\src\components\Components.cpp">
      <Filter>Source Files</Filter>
    </ClCompile>
    <ClCompile Include="code\rt\src\components\Renderable.cpp">
      <Filter>Source Files</Filter>
    </ClCompile>
    <ClCompile Include="code\rt\src\components\Transform.cpp">
      <Filter>Source Files</Filter>
    </ClCompile>
    <ClCompile Include="code\rt\src\world\Terrain.cpp">
      <Filter>Source Files</Filter>
    </ClCompile>
  </ItemGroup>
  <ItemGroup>
    <ClInclude Include="code\3paty\tinyxml2\tinyxml2.h">
      <Filter>Header Files</Filter>
    </ClInclude>
    <ClInclude Include="code\game\inc\teapot.h">
      <Filter>Header Files</Filter>
    </ClInclude>
    <ClInclude Include="code\game\inc\TeapotObject.hpp">
      <Filter>Header Files</Filter>
    </ClInclude>
    <ClInclude Include="code\rt\inc\render\Renderer.hpp">
      <Filter>Header Files</Filter>
    </ClInclude>
    <ClInclude Include="code\rt\inc\system\FileManager.hpp">
      <Filter>Header Files</Filter>
    </ClInclude>
    <ClInclude Include="code\rt\inc\system\Object.hpp">
      <Filter>Header Files</Filter>
    </ClInclude>
    <ClInclude Include="code\rt\inc\system\Resources.h">
      <Filter>Header Files</Filter>
    </ClInclude>
    <ClInclude Include="code\rt\inc\system\System.hpp">
      <Filter>Header Files</Filter>
    </ClInclude>
    <ClInclude Include="code\rt\inc\world\World.hpp">
      <Filter>Header Files</Filter>
    </ClInclude>
    <ClInclude Include="code\rt\inc\render\Camera.hpp">
      <Filter>Header Files</Filter>
    </ClInclude>
    <ClInclude Include="code\rt\inc\render\MeshContainer.hpp">
      <Filter>Header Files</Filter>
    </ClInclude>
    <ClInclude Include="code\rt\inc\utils\BBOX.hpp">
      <Filter>Header Files</Filter>
    </ClInclude>
    <ClInclude Include="code\rt\inc\components\Components.hpp">
      <Filter>Header Files</Filter>
    </ClInclude>
    <ClInclude Include="code\rt\inc\components\Renderable.hpp">
      <Filter>Header Files</Filter>
    </ClInclude>
    <ClInclude Include="code\rt\inc\components\Transform.hpp">
      <Filter>Header Files</Filter>
    </ClInclude>
    <ClInclude Include="code\rt\inc\render\dxUtils.hpp">
      <Filter>Header Files</Filter>
    </ClInclude>
    <ClInclude Include="code\rt\inc\world\Terrain.hpp">
      <Filter>Header Files</Filter>
    </ClInclude>
  </ItemGroup>
</Project>